
Microsoft Visual Studio Solution File, Format Version 12.00
# Visual Studio Version 17
VisualStudioVersion = 17.5.002.0
MinimumVisualStudioVersion = 10.0.40219.1
Project("{9A19103F-16F7-4668-BE54-9A1E7A4F7556}") = "TestProjectDois", "TestProjectDois.csproj", "{68DD506C-8551-430E-A3CA-9DF353DA4428}"
EndProject
Global
	GlobalSection(SolutionConfigurationPlatforms) = preSolution
		Debug|Any CPU = Debug|Any CPU
		Release|Any CPU = Release|Any CPU
	EndGlobalSection
	GlobalSection(ProjectConfigurationPlatforms) = postSolution
		{68DD506C-8551-430E-A3CA-9DF353DA4428}.Debug|Any CPU.ActiveCfg = Debug|Any CPU
		{68DD506C-8551-430E-A3CA-9DF353DA4428}.Debug|Any CPU.Build.0 = Debug|Any CPU
		{68DD506C-8551-430E-A3CA-9DF353DA4428}.Release|Any CPU.ActiveCfg = Release|Any CPU
		{68DD506C-8551-430E-A3CA-9DF353DA4428}.Release|Any CPU.Build.0 = Release|Any CPU
	EndGlobalSection
	GlobalSection(SolutionProperties) = preSolution
		HideSolutionNode = FALSE
	EndGlobalSection
	GlobalSection(ExtensibilityGlobals) = postSolution
		SolutionGuid = {15DD4F97-5F0D-455A-972A-EC7FEDF10520}
	EndGlobalSection
EndGlobal
